
Microsoft Visual Studio Solution File, Format Version 12.00
# Visual Studio Version 17
VisualStudioVersion = 17.2.32526.322
MinimumVisualStudioVersion = 10.0.40219.1
Project("{FAE04EC0-301F-11D3-BF4B-00C04F79EFBC}") = "MindsetCalculator", "MindsetCalculator.csproj", "{8FD02531-8C37-49B4-B0F8-5BCC94B70949}"
EndProject
Global
	GlobalSection(SolutionConfigurationPlatforms) = preSolution
		Debug|Any CPU = Debug|Any CPU
		Release|Any CPU = Release|Any CPU
	EndGlobalSection
	GlobalSection(ProjectConfigurationPlatforms) = postSolution
		{8FD02531-8C37-49B4-B0F8-5BCC94B70949}.Debug|Any CPU.ActiveCfg = Debug|Any CPU
		{8FD02531-8C37-49B4-B0F8-5BCC94B70949}.Debug|Any CPU.Build.0 = Debug|Any CPU
		{8FD02531-8C37-49B4-B0F8-5BCC94B70949}.Release|Any CPU.ActiveCfg = Release|Any CPU
		{8FD02531-8C37-49B4-B0F8-5BCC94B70949}.Release|Any CPU.Build.0 = Release|Any CPU
	EndGlobalSection
	GlobalSection(SolutionProperties) = preSolution
		HideSolutionNode = FALSE
	EndGlobalSection
	GlobalSection(ExtensibilityGlobals) = postSolution
		SolutionGuid = {6F9B9151-4299-42D5-B4B8-89AF38C75C01}
	EndGlobalSection
EndGlobal
